
Microsoft Visual Studio Solution File, Format Version 12.00
# Visual Studio Version 17
VisualStudioVersion = 17.1.32210.238
MinimumVisualStudioVersion = 10.0.40219.1
Project("{8BC9CEB8-8B4A-11D0-8D11-00A0C91BC942}") = "bclib++", "bclib++\bclib++.vcxproj", "{C77756EB-28D5-4425-A476-68966050CB36}"
EndProject
Project("{8BC9CEB8-8B4A-11D0-8D11-00A0C91BC942}") = "bclib++_test", "bclib++_test\bclib++_test.vcxproj", "{00572799-2272-4D88-B0C9-BEA514AE635C}"
	ProjectSection(ProjectDependencies) = postProject
		{C77756EB-28D5-4425-A476-68966050CB36} = {C77756EB-28D5-4425-A476-68966050CB36}
	EndProjectSection
EndProject
Global
	GlobalSection(SolutionConfigurationPlatforms) = preSolution
		Debug|x64 = Debug|x64
		Debug|x86 = Debug|x86
		Release|x64 = Release|x64
		Release|x86 = Release|x86
		Release-TLS|x64 = Release-TLS|x64
		Release-TLS|x86 = Release-TLS|x86
	EndGlobalSection
	GlobalSection(ProjectConfigurationPlatforms) = postSolution
		{C77756EB-28D5-4425-A476-68966050CB36}.Debug|x64.ActiveCfg = Debug|x64
		{C77756EB-28D5-4425-A476-68966050CB36}.Debug|x64.Build.0 = Debug|x64
		{C77756EB-28D5-4425-A476-68966050CB36}.Debug|x86.ActiveCfg = Debug|Win32
		{C77756EB-28D5-4425-A476-68966050CB36}.Debug|x86.Build.0 = Debug|Win32
		{C77756EB-28D5-4425-A476-68966050CB36}.Release|x64.ActiveCfg = Release|x64
		{C77756EB-28D5-4425-A476-68966050CB36}.Release|x64.Build.0 = Release|x64
		{C77756EB-28D5-4425-A476-68966050CB36}.Release|x86.ActiveCfg = Release|Win32
		{C77756EB-28D5-4425-A476-68966050CB36}.Release|x86.Build.0 = Release|Win32
		{C77756EB-28D5-4425-A476-68966050CB36}.Release-TLS|x64.ActiveCfg = Release-TLS|x64
		{C77756EB-28D5-4425-A476-68966050CB36}.Release-TLS|x64.Build.0 = Release-TLS|x64
		{C77756EB-28D5-4425-A476-68966050CB36}.Release-TLS|x86.ActiveCfg = Release-TLS|Win32
		{C77756EB-28D5-4425-A476-68966050CB36}.Release-TLS|x86.Build.0 = Release-TLS|Win32
		{00572799-2272-4D88-B0C9-BEA514AE635C}.Debug|x64.ActiveCfg = Debug|x64
		{00572799-2272-4D88-B0C9-BEA514AE635C}.Debug|x64.Build.0 = Debug|x64
		{00572799-2272-4D88-B0C9-BEA514AE635C}.Debug|x86.ActiveCfg = Debug|Win32
		{00572799-2272-4D88-B0C9-BEA514AE635C}.Debug|x86.Build.0 = Debug|Win32
		{00572799-2272-4D88-B0C9-BEA514AE635C}.Release|x64.ActiveCfg = Release|x64
		{00572799-2272-4D88-B0C9-BEA514AE635C}.Release|x64.Build.0 = Release|x64
		{00572799-2272-4D88-B0C9-BEA514AE635C}.Release|x86.ActiveCfg = Release|Win32
		{00572799-2272-4D88-B0C9-BEA514AE635C}.Release|x86.Build.0 = Release|Win32
		{00572799-2272-4D88-B0C9-BEA514AE635C}.Release-TLS|x64.ActiveCfg = Release|x64
		{00572799-2272-4D88-B0C9-BEA514AE635C}.Release-TLS|x64.Build.0 = Release|x64
		{00572799-2272-4D88-B0C9-BEA514AE635C}.Release-TLS|x86.ActiveCfg = Release|Win32
		{00572799-2272-4D88-B0C9-BEA514AE635C}.Release-TLS|x86.Build.0 = Release|Win32
	EndGlobalSection
	GlobalSection(SolutionProperties) = preSolution
		HideSolutionNode = FALSE
	EndGlobalSection
	GlobalSection(ExtensibilityGlobals) = postSolution
		SolutionGuid = {DBEA95A5-ACCB-41A4-89D7-9EB99A0F1F92}
	EndGlobalSection
EndGlobal
